
Microsoft Visual Studio Solution File, Format Version 12.00
# Visual Studio 15
VisualStudioVersion = 15.0.27428.2015
MinimumVisualStudioVersion = 10.0.40219.1
Project("{FAE04EC0-301F-11D3-BF4B-00C04F79EFBC}") = "CatAPI", "CatAPI\CatAPI.csproj", "{5BB839C8-E76B-42B5-B0FE-0F591A1B20D1}"
EndProject
Project("{FAE04EC0-301F-11D3-BF4B-00C04F79EFBC}") = "CatAPI.Tests", "CatAPI.Tests\CatAPI.Tests.csproj", "{6690BEF4-A25C-4D8A-805A-908BAAB17C39}"
EndProject
Global
	GlobalSection(SolutionConfigurationPlatforms) = preSolution
		Debug|Any CPU = Debug|Any CPU
		Release|Any CPU = Release|Any CPU
	EndGlobalSection
	GlobalSection(ProjectConfigurationPlatforms) = postSolution
		{5BB839C8-E76B-42B5-B0FE-0F591A1B20D1}.Debug|Any CPU.ActiveCfg = Debug|Any CPU
		{5BB839C8-E76B-42B5-B0FE-0F591A1B20D1}.Debug|Any CPU.Build.0 = Debug|Any CPU
		{5BB839C8-E76B-42B5-B0FE-0F591A1B20D1}.Release|Any CPU.ActiveCfg = Release|Any CPU
		{5BB839C8-E76B-42B5-B0FE-0F591A1B20D1}.Release|Any CPU.Build.0 = Release|Any CPU
		{6690BEF4-A25C-4D8A-805A-908BAAB17C39}.Debug|Any CPU.ActiveCfg = Debug|Any CPU
		{6690BEF4-A25C-4D8A-805A-908BAAB17C39}.Debug|Any CPU.Build.0 = Debug|Any CPU
		{6690BEF4-A25C-4D8A-805A-908BAAB17C39}.Release|Any CPU.ActiveCfg = Release|Any CPU
		{6690BEF4-A25C-4D8A-805A-908BAAB17C39}.Release|Any CPU.Build.0 = Release|Any CPU
	EndGlobalSection
	GlobalSection(SolutionProperties) = preSolution
		HideSolutionNode = FALSE
	EndGlobalSection
	GlobalSection(ExtensibilityGlobals) = postSolution
		SolutionGuid = {B3187FB4-C993-4088-9712-87E86426B213}
	EndGlobalSection
EndGlobal
